
Microsoft Visual Studio Solution File, Format Version 12.00
# Visual Studio Version 17
VisualStudioVersion = 17.1.32319.34
MinimumVisualStudioVersion = 10.0.40219.1
Project("{FAE04EC0-301F-11D3-BF4B-00C04F79EFBC}") = "DiziFilmBlog", "DiziFilmBlog\DiziFilmBlog.csproj", "{A8D4725F-49F3-4A10-9A73-192A858EB8D5}"
EndProject
Global
	GlobalSection(SolutionConfigurationPlatforms) = preSolution
		Debug|Any CPU = Debug|Any CPU
		Release|Any CPU = Release|Any CPU
	EndGlobalSection
	GlobalSection(ProjectConfigurationPlatforms) = postSolution
		{A8D4725F-49F3-4A10-9A73-192A858EB8D5}.Debug|Any CPU.ActiveCfg = Debug|Any CPU
		{A8D4725F-49F3-4A10-9A73-192A858EB8D5}.Debug|Any CPU.Build.0 = Debug|Any CPU
		{A8D4725F-49F3-4A10-9A73-192A858EB8D5}.Release|Any CPU.ActiveCfg = Release|Any CPU
		{A8D4725F-49F3-4A10-9A73-192A858EB8D5}.Release|Any CPU.Build.0 = Release|Any CPU
	EndGlobalSection
	GlobalSection(SolutionProperties) = preSolution
		HideSolutionNode = FALSE
	EndGlobalSection
	GlobalSection(ExtensibilityGlobals) = postSolution
		SolutionGuid = {747B22BB-71F0-4F95-B73F-7A202710254E}
	EndGlobalSection
EndGlobal
